
Microsoft Visual Studio Solution File, Format Version 12.00
# Visual Studio Version 16
VisualStudioVersion = 16.0.809.9
MinimumVisualStudioVersion = 10.0.40219.1
Project("{FAE04EC0-301F-11D3-BF4B-00C04F79EFBC}") = "Assignment1_Question2", "Assignment1_Question2\Assignment1_Question2.csproj", "{891D1320-2062-4D81-A819-3C732EF2223A}"
EndProject
Global
	GlobalSection(SolutionConfigurationPlatforms) = preSolution
		Debug|Any CPU = Debug|Any CPU
		Release|Any CPU = Release|Any CPU
	EndGlobalSection
	GlobalSection(ProjectConfigurationPlatforms) = postSolution
		{891D1320-2062-4D81-A819-3C732EF2223A}.Debug|Any CPU.ActiveCfg = Debug|Any CPU
		{891D1320-2062-4D81-A819-3C732EF2223A}.Debug|Any CPU.Build.0 = Debug|Any CPU
		{891D1320-2062-4D81-A819-3C732EF2223A}.Release|Any CPU.ActiveCfg = Release|Any CPU
		{891D1320-2062-4D81-A819-3C732EF2223A}.Release|Any CPU.Build.0 = Release|Any CPU
	EndGlobalSection
	GlobalSection(SolutionProperties) = preSolution
		HideSolutionNode = FALSE
	EndGlobalSection
	GlobalSection(ExtensibilityGlobals) = postSolution
		SolutionGuid = {EF8F8EBD-233F-4DAB-BBA8-F7181FABE3D3}
	EndGlobalSection
EndGlobal
